Microsoft Visual Studio Solution File, Format Version 12.00
# Visual Studio Version 17
VisualStudioVersion = 17.5.2.0
MinimumVisualStudioVersion = 10.0.40219.1
Project("{FAE04EC0-301F-11D3-BF4B-00C04F79EFBC}") = "NetworkSniffer", "NetworkSniffer.csproj", "{F05221A4-2817-0D43-C88A-B3211F6A7844}"
EndProject
Global
	GlobalSection(SolutionConfigurationPlatforms) = preSolution
		Debug|Any CPU = Debug|Any CPU
		Release|Any CPU = Release|Any CPU
	EndGlobalSection
	GlobalSection(ProjectConfigurationPlatforms) = postSolution
		{F05221A4-2817-0D43-C88A-B3211F6A7844}.Debug|Any CPU.ActiveCfg = Debug|Any CPU
		{F05221A4-2817-0D43-C88A-B3211F6A7844}.Debug|Any CPU.Build.0 = Debug|Any CPU
		{F05221A4-2817-0D43-C88A-B3211F6A7844}.Release|Any CPU.ActiveCfg = Release|Any CPU
		{F05221A4-2817-0D43-C88A-B3211F6A7844}.Release|Any CPU.Build.0 = Release|Any CPU
	EndGlobalSection
	GlobalSection(SolutionProperties) = preSolution
		HideSolutionNode = FALSE
	EndGlobalSection
	GlobalSection(ExtensibilityGlobals) = postSolution
		SolutionGuid = {14441E7E-9C9C-4F4F-9D81-167E174A3BB4}
	EndGlobalSection
EndGlobal
